
Microsoft Visual Studio Solution File, Format Version 12.00
# Visual Studio 14
VisualStudioVersion = 14.0.25420.1
MinimumVisualStudioVersion = 10.0.40219.1
Project("{FAE04EC0-301F-11D3-BF4B-00C04F79EFBC}") = "uStoreMvcConversion", "uStoreMvcConversion\uStoreMvcConversion.csproj", "{C4F1C1FB-7755-445B-9928-24D450A0F550}"
EndProject
Project("{FAE04EC0-301F-11D3-BF4B-00C04F79EFBC}") = "Data.ADO", "Data.ADO\Data.ADO.csproj", "{6CCC626E-D338-4077-A01A-5703460E2A90}"
EndProject
Project("{FAE04EC0-301F-11D3-BF4B-00C04F79EFBC}") = "UStore.Domain", "UStore.Domain\UStore.Domain.csproj", "{FBCA7FF1-E9FD-41A6-A9FE-A5AD57B05BA1}"
EndProject
Project("{FAE04EC0-301F-11D3-BF4B-00C04F79EFBC}") = "UStore.data1.EF", "UStore.data1.EF\UStore.data1.EF.csproj", "{CF10410C-5BC8-42AE-9663-96280BD38A96}"
EndProject
Global
	GlobalSection(SolutionConfigurationPlatforms) = preSolution
		Debug|Any CPU = Debug|Any CPU
		Release|Any CPU = Release|Any CPU
	EndGlobalSection
	GlobalSection(ProjectConfigurationPlatforms) = postSolution
		{C4F1C1FB-7755-445B-9928-24D450A0F550}.Debug|Any CPU.ActiveCfg = Debug|Any CPU
		{C4F1C1FB-7755-445B-9928-24D450A0F550}.Debug|Any CPU.Build.0 = Debug|Any CPU
		{C4F1C1FB-7755-445B-9928-24D450A0F550}.Release|Any CPU.ActiveCfg = Release|Any CPU
		{C4F1C1FB-7755-445B-9928-24D450A0F550}.Release|Any CPU.Build.0 = Release|Any CPU
		{6CCC626E-D338-4077-A01A-5703460E2A90}.Debug|Any CPU.ActiveCfg = Debug|Any CPU
		{6CCC626E-D338-4077-A01A-5703460E2A90}.Debug|Any CPU.Build.0 = Debug|Any CPU
		{6CCC626E-D338-4077-A01A-5703460E2A90}.Release|Any CPU.ActiveCfg = Release|Any CPU
		{6CCC626E-D338-4077-A01A-5703460E2A90}.Release|Any CPU.Build.0 = Release|Any CPU
		{FBCA7FF1-E9FD-41A6-A9FE-A5AD57B05BA1}.Debug|Any CPU.ActiveCfg = Debug|Any CPU
		{FBCA7FF1-E9FD-41A6-A9FE-A5AD57B05BA1}.Debug|Any CPU.Build.0 = Debug|Any CPU
		{FBCA7FF1-E9FD-41A6-A9FE-A5AD57B05BA1}.Release|Any CPU.ActiveCfg = Release|Any CPU
		{FBCA7FF1-E9FD-41A6-A9FE-A5AD57B05BA1}.Release|Any CPU.Build.0 = Release|Any CPU
		{CF10410C-5BC8-42AE-9663-96280BD38A96}.Debug|Any CPU.ActiveCfg = Debug|Any CPU
		{CF10410C-5BC8-42AE-9663-96280BD38A96}.Debug|Any CPU.Build.0 = Debug|Any CPU
		{CF10410C-5BC8-42AE-9663-96280BD38A96}.Release|Any CPU.ActiveCfg = Release|Any CPU
		{CF10410C-5BC8-42AE-9663-96280BD38A96}.Release|Any CPU.Build.0 = Release|Any CPU
	EndGlobalSection
	GlobalSection(SolutionProperties) = preSolution
		HideSolutionNode = FALSE
	EndGlobalSection
EndGlobal
